
Microsoft Visual Studio Solution File, Format Version 12.00
# Visual Studio 15
VisualStudioVersion = 15.0.28307.168
MinimumVisualStudioVersion = 10.0.40219.1
Project("{8BC9CEB8-8B4A-11D0-8D11-00A0C91BC942}") = "Perfect hashing", "Perfect hashing\Perfect hashing.vcxproj", "{8E64A8E4-01FD-47BA-BB71-BE6DC0699959}"
EndProject
Global
	GlobalSection(SolutionConfigurationPlatforms) = preSolution
		Debug|x64 = Debug|x64
		Debug|x86 = Debug|x86
		Release|x64 = Release|x64
		Release|x86 = Release|x86
	EndGlobalSection
	GlobalSection(ProjectConfigurationPlatforms) = postSolution
		{8E64A8E4-01FD-47BA-BB71-BE6DC0699959}.Debug|x64.ActiveCfg = Debug|x64
		{8E64A8E4-01FD-47BA-BB71-BE6DC0699959}.Debug|x64.Build.0 = Debug|x64
		{8E64A8E4-01FD-47BA-BB71-BE6DC0699959}.Debug|x86.ActiveCfg = Debug|Win32
		{8E64A8E4-01FD-47BA-BB71-BE6DC0699959}.Debug|x86.Build.0 = Debug|Win32
		{8E64A8E4-01FD-47BA-BB71-BE6DC0699959}.Release|x64.ActiveCfg = Release|x64
		{8E64A8E4-01FD-47BA-BB71-BE6DC0699959}.Release|x64.Build.0 = Release|x64
		{8E64A8E4-01FD-47BA-BB71-BE6DC0699959}.Release|x86.ActiveCfg = Release|Win32
		{8E64A8E4-01FD-47BA-BB71-BE6DC0699959}.Release|x86.Build.0 = Release|Win32
	EndGlobalSection
	GlobalSection(SolutionProperties) = preSolution
		HideSolutionNode = FALSE
	EndGlobalSection
	GlobalSection(ExtensibilityGlobals) = postSolution
		SolutionGuid = {69F9722A-66DF-40F0-96B7-B21599C607E0}
	EndGlobalSection
EndGlobal
